
Microsoft Visual Studio Solution File, Format Version 12.00
# Visual Studio Version 16
VisualStudioVersion = 16.0.30711.63
MinimumVisualStudioVersion = 10.0.40219.1
Project("{2150E333-8FDC-42A3-9474-1A3956D46DE8}") = "src", "src", "{99EE907E-E8BE-4760-A6AE-602CD936E299}"
EndProject
Project("{2150E333-8FDC-42A3-9474-1A3956D46DE8}") = "ApiGateways", "ApiGateways", "{2683CCE1-ED3B-4A54-9BF8-E907490520C3}"
EndProject
Project("{2150E333-8FDC-42A3-9474-1A3956D46DE8}") = "BuildingBlocks", "BuildingBlocks", "{BBAD1CAF-E903-4F46-8F71-687ED821DBE7}"
EndProject
Project("{2150E333-8FDC-42A3-9474-1A3956D46DE8}") = "Service", "Service", "{378ABA97-4E37-458E-9976-B51B3BDD36C7}"
EndProject
Project("{2150E333-8FDC-42A3-9474-1A3956D46DE8}") = "Inventory", "Inventory", "{ADADAD95-A3DD-43D6-8F7A-F5227FADE073}"
EndProject
Project("{2150E333-8FDC-42A3-9474-1A3956D46DE8}") = "Order", "Order", "{7D94EAA0-0145-4EB9-BFDC-7F2D18D8728C}"
EndProject
Project("{FAE04EC0-301F-11D3-BF4B-00C04F79EFBC}") = "Inventory.Api", "Inventory.Api\Inventory.Api.csproj", "{63026092-91F2-4465-BA79-5F636A97305E}"
EndProject
Project("{FAE04EC0-301F-11D3-BF4B-00C04F79EFBC}") = "Order.Api", "Order.Api\Order.Api.csproj", "{5248D7DE-88A9-4ADE-BEAA-80F3747D27BE}"
EndProject
Project("{E53339B2-1760-4266-BCC7-CA923CBCF16C}") = "docker-compose", "docker-compose.dcproj", "{CFEA7E26-C03B-4D05-88CB-581B81E5AB8E}"
EndProject
Project("{2150E333-8FDC-42A3-9474-1A3956D46DE8}") = "Report", "Report", "{09BF59A6-4502-47EF-93E8-E64D1BF59C55}"
EndProject
Project("{FAE04EC0-301F-11D3-BF4B-00C04F79EFBC}") = "Report.Api", "Report.Api\Report.Api.csproj", "{6CA6E4EA-21F0-4FAC-9996-B77964DA3DF8}"
EndProject
Project("{FAE04EC0-301F-11D3-BF4B-00C04F79EFBC}") = "GatewayBase", "GatewayBase\GatewayBase.csproj", "{4E79FF04-5BFB-44E8-BA96-7E1999E3F75E}"
EndProject
Global
	GlobalSection(SolutionConfigurationPlatforms) = preSolution
		Debug|Any CPU = Debug|Any CPU
		Release|Any CPU = Release|Any CPU
	EndGlobalSection
	GlobalSection(ProjectConfigurationPlatforms) = postSolution
		{63026092-91F2-4465-BA79-5F636A97305E}.Debug|Any CPU.ActiveCfg = Debug|Any CPU
		{63026092-91F2-4465-BA79-5F636A97305E}.Debug|Any CPU.Build.0 = Debug|Any CPU
		{63026092-91F2-4465-BA79-5F636A97305E}.Release|Any CPU.ActiveCfg = Release|Any CPU
		{63026092-91F2-4465-BA79-5F636A97305E}.Release|Any CPU.Build.0 = Release|Any CPU
		{5248D7DE-88A9-4ADE-BEAA-80F3747D27BE}.Debug|Any CPU.ActiveCfg = Debug|Any CPU
		{5248D7DE-88A9-4ADE-BEAA-80F3747D27BE}.Debug|Any CPU.Build.0 = Debug|Any CPU
		{5248D7DE-88A9-4ADE-BEAA-80F3747D27BE}.Release|Any CPU.ActiveCfg = Release|Any CPU
		{5248D7DE-88A9-4ADE-BEAA-80F3747D27BE}.Release|Any CPU.Build.0 = Release|Any CPU
		{CFEA7E26-C03B-4D05-88CB-581B81E5AB8E}.Debug|Any CPU.ActiveCfg = Debug|Any CPU
		{CFEA7E26-C03B-4D05-88CB-581B81E5AB8E}.Debug|Any CPU.Build.0 = Debug|Any CPU
		{CFEA7E26-C03B-4D05-88CB-581B81E5AB8E}.Release|Any CPU.ActiveCfg = Release|Any CPU
		{CFEA7E26-C03B-4D05-88CB-581B81E5AB8E}.Release|Any CPU.Build.0 = Release|Any CPU
		{6CA6E4EA-21F0-4FAC-9996-B77964DA3DF8}.Debug|Any CPU.ActiveCfg = Debug|Any CPU
		{6CA6E4EA-21F0-4FAC-9996-B77964DA3DF8}.Debug|Any CPU.Build.0 = Debug|Any CPU
		{6CA6E4EA-21F0-4FAC-9996-B77964DA3DF8}.Release|Any CPU.ActiveCfg = Release|Any CPU
		{6CA6E4EA-21F0-4FAC-9996-B77964DA3DF8}.Release|Any CPU.Build.0 = Release|Any CPU
		{4E79FF04-5BFB-44E8-BA96-7E1999E3F75E}.Debug|Any CPU.ActiveCfg = Debug|Any CPU
		{4E79FF04-5BFB-44E8-BA96-7E1999E3F75E}.Debug|Any CPU.Build.0 = Debug|Any CPU
		{4E79FF04-5BFB-44E8-BA96-7E1999E3F75E}.Release|Any CPU.ActiveCfg = Release|Any CPU
		{4E79FF04-5BFB-44E8-BA96-7E1999E3F75E}.Release|Any CPU.Build.0 = Release|Any CPU
	EndGlobalSection
	GlobalSection(SolutionProperties) = preSolution
		HideSolutionNode = FALSE
	EndGlobalSection
	GlobalSection(NestedProjects) = preSolution
		{2683CCE1-ED3B-4A54-9BF8-E907490520C3} = {99EE907E-E8BE-4760-A6AE-602CD936E299}
		{BBAD1CAF-E903-4F46-8F71-687ED821DBE7} = {99EE907E-E8BE-4760-A6AE-602CD936E299}
		{378ABA97-4E37-458E-9976-B51B3BDD36C7} = {99EE907E-E8BE-4760-A6AE-602CD936E299}
		{ADADAD95-A3DD-43D6-8F7A-F5227FADE073} = {378ABA97-4E37-458E-9976-B51B3BDD36C7}
		{7D94EAA0-0145-4EB9-BFDC-7F2D18D8728C} = {378ABA97-4E37-458E-9976-B51B3BDD36C7}
		{63026092-91F2-4465-BA79-5F636A97305E} = {ADADAD95-A3DD-43D6-8F7A-F5227FADE073}
		{5248D7DE-88A9-4ADE-BEAA-80F3747D27BE} = {7D94EAA0-0145-4EB9-BFDC-7F2D18D8728C}
		{09BF59A6-4502-47EF-93E8-E64D1BF59C55} = {378ABA97-4E37-458E-9976-B51B3BDD36C7}
		{6CA6E4EA-21F0-4FAC-9996-B77964DA3DF8} = {09BF59A6-4502-47EF-93E8-E64D1BF59C55}
		{4E79FF04-5BFB-44E8-BA96-7E1999E3F75E} = {2683CCE1-ED3B-4A54-9BF8-E907490520C3}
	EndGlobalSection
	GlobalSection(ExtensibilityGlobals) = postSolution
		SolutionGuid = {39CB1C81-545A-48E2-BA10-4B283A46A808}
	EndGlobalSection
EndGlobal
